
Microsoft Visual Studio Solution File, Format Version 12.00
# Visual Studio Version 17
VisualStudioVersion = 17.4.33110.190
MinimumVisualStudioVersion = 10.0.40219.1
Project("{FAE04EC0-301F-11D3-BF4B-00C04F79EFBC}") = "Laba1_2", "Laba1_2\Laba1_2.csproj", "{C99BFCB3-8A39-4818-ACEB-87BDE380B743}"
EndProject
Global
	GlobalSection(SolutionConfigurationPlatforms) = preSolution
		Debug|Any CPU = Debug|Any CPU
		Release|Any CPU = Release|Any CPU
	EndGlobalSection
	GlobalSection(ProjectConfigurationPlatforms) = postSolution
		{C99BFCB3-8A39-4818-ACEB-87BDE380B743}.Debug|Any CPU.ActiveCfg = Debug|Any CPU
		{C99BFCB3-8A39-4818-ACEB-87BDE380B743}.Debug|Any CPU.Build.0 = Debug|Any CPU
		{C99BFCB3-8A39-4818-ACEB-87BDE380B743}.Release|Any CPU.ActiveCfg = Release|Any CPU
		{C99BFCB3-8A39-4818-ACEB-87BDE380B743}.Release|Any CPU.Build.0 = Release|Any CPU
	EndGlobalSection
	GlobalSection(SolutionProperties) = preSolution
		HideSolutionNode = FALSE
	EndGlobalSection
	GlobalSection(ExtensibilityGlobals) = postSolution
		SolutionGuid = {BF7ECCD5-DE67-4D31-A586-783C663D64F1}
	EndGlobalSection
EndGlobal
